
Microsoft Visual Studio Solution File, Format Version 12.00
# Visual Studio Version 16
VisualStudioVersion = 16.0.31729.503
MinimumVisualStudioVersion = 10.0.40219.1
Project("{FAE04EC0-301F-11D3-BF4B-00C04F79EFBC}") = "AppBiblioteca", "AppBiblioteca.csproj", "{60DAA925-EE1B-497A-9967-0A5F5145B1A5}"
EndProject
Global
	GlobalSection(SolutionConfigurationPlatforms) = preSolution
		Debug|Any CPU = Debug|Any CPU
		Release|Any CPU = Release|Any CPU
	EndGlobalSection
	GlobalSection(ProjectConfigurationPlatforms) = postSolution
		{60DAA925-EE1B-497A-9967-0A5F5145B1A5}.Debug|Any CPU.ActiveCfg = Debug|Any CPU
		{60DAA925-EE1B-497A-9967-0A5F5145B1A5}.Debug|Any CPU.Build.0 = Debug|Any CPU
		{60DAA925-EE1B-497A-9967-0A5F5145B1A5}.Release|Any CPU.ActiveCfg = Release|Any CPU
		{60DAA925-EE1B-497A-9967-0A5F5145B1A5}.Release|Any CPU.Build.0 = Release|Any CPU
	EndGlobalSection
	GlobalSection(SolutionProperties) = preSolution
		HideSolutionNode = FALSE
	EndGlobalSection
	GlobalSection(ExtensibilityGlobals) = postSolution
		SolutionGuid = {B5A6C608-7543-4365-B4F6-80CE96A0C543}
	EndGlobalSection
EndGlobal
